// !$*UTF8*$!
{
	archiveVersion = 1;
	classes = {
	};
	objectVersion = 46;
	objects = {

/* Begin PBXBuildFile section */
		72A5E8E31C747D270052CF1A /* AppDelegate.swift in Sources */ = {isa = PBXBuildFile; fileRef = 72A5E8E21C747D270052CF1A /* AppDelegate.swift */; };
		72A5E8E51C747D270052CF1A /* ViewController.swift in Sources */ = {isa = PBXBuildFile; fileRef = 72A5E8E41C747D270052CF1A /* ViewController.swift */; };
		72A5E8E81C747D270052CF1A /* Main.storyboard in Resources */ = {isa = PBXBuildFile; fileRef = 72A5E8E61C747D270052CF1A /* Main.storyboard */; };
		72A5E8EA1C747D270052CF1A /* Assets.xcassets in Resources */ = {isa = PBXBuildFile; fileRef = 72A5E8E91C747D270052CF1A /* Assets.xcassets */; };
		72A5E8ED1C747D270052CF1A /* LaunchScreen.storyboard in Resources */ = {isa = PBXBuildFile; fileRef = 72A5E8EB1C747D270052CF1A /* LaunchScreen.storyboard */; };
		72A5E8F81C747D280052CF1A /* SaktestTests.swift in Sources */ = {isa = PBXBuildFile; fileRef = 72A5E8F71C747D280052CF1A /* SaktestTests.swift */; };
		72A5E9031C747D280052CF1A /* SaktestUITests.swift in Sources */ = {isa = PBXBuildFile; fileRef = 72A5E9021C747D280052CF1A /* SaktestUITests.swift */; };
/* End PBXBuildFile section */

/* Begin PBXContainerItemProxy section */
		72A5E8F41C747D280052CF1A /* PBXContainerItemProxy */ = {
			isa = PBXContainerItemProxy;
			containerPortal = 72A5E8D71C747D270052CF1A /* Project object */;
			proxyType = 1;
			remoteGlobalIDString = 72A5E8DE1C747D270052CF1A;
			remoteInfo = Saktest;
		};
		72A5E8FF1C747D280052CF1A /* PBXContainerItemProxy */ = {
			isa = PBXContainerItemProxy;
			containerPortal = 72A5E8D71C747D270052CF1A /* Project object */;
			proxyType = 1;
			remoteGlobalIDString = 72A5E8DE1C747D270052CF1A;
			remoteInfo = Saktest;
		};
/* End PBXContainerItemProxy section */

/* Begin PBXFileReference section */
		72A5E8DF1C747D270052CF1A /* Saktest.app */ = {isa = PBXFileReference; explicitFileType = wrapper.application; includeInIndex = 0; path = Saktest.app; sourceTree = BUILT_PRODUCTS_DIR; };
		72A5E8E21C747D270052CF1A /* AppDelegate.swift */ = {isa = PBXFileReference; lastKnownFileType = sourcecode.swift; path = AppDelegate.swift; sourceTree = "<group>"; };
		72A5E8E41C747D270052CF1A /* ViewController.swift */ = {isa = PBXFileReference; lastKnownFileType = sourcecode.swift; path = ViewController.swift; sourceTree = "<group>"; };
		72A5E8E71C747D270052CF1A /* Base */ = {isa = PBXFileReference; lastKnownFileType = file.storyboard; name = Base; path = Base.lproj/Main.storyboard; sourceTree = "<group>"; };
		72A5E8E91C747D270052CF1A /* Assets.xcassets */ = {isa = PBXFileReference; lastKnownFileType = folder.assetcatalog; path = Assets.xcassets; sourceTree = "<group>"; };
		72A5E8EC1C747D270052CF1A /* Base */ = {isa = PBXFileReference; lastKnownFileType = file.storyboard; name = Base; path = Base.lproj/LaunchScreen.storyboard; sourceTree = "<group>"; };
		72A5E8EE1C747D270052CF1A /* Info.plist */ = {isa = PBXFileReference; lastKnownFileType = text.plist.xml; path = Info.plist; sourceTree = "<group>"; };
		72A5E8F31C747D280052CF1A /* SaktestTests.xctest */ = {isa = PBXFileReference; explicitFileType = wrapper.cfbundle; includeInIndex = 0; path = SaktestTests.xctest; sourceTree = BUILT_PRODUCTS_DIR; };
		72A5E8F71C747D280052CF1A /* SaktestTests.swift */ = {isa = PBXFileReference; lastKnownFileType = sourcecode.swift; path = SaktestTests.swift; sourceTree = "<group>"; };
		72A5E8F91C747D280052CF1A /* Info.plist */ = {isa = PBXFileReference; lastKnownFileType = text.plist.xml; path = Info.plist; sourceTree = "<group>"; };
		72A5E8FE1C747D280052CF1A /* SaktestUITests.xctest */ = {isa = PBXFileReference; explicitFileType = wrapper.cfbundle; includeInIndex = 0; path = SaktestUITests.xctest; sourceTree = BUILT_PRODUCTS_DIR; };
		72A5E9021C747D280052CF1A /* SaktestUITests.swift */ = {isa = PBXFileReference; lastKnownFileType = sourcecode.swift; path = SaktestUITests.swift; sourceTree = "<group>"; };
		72A5E9041C747D280052CF1A /* Info.plist */ = {isa = PBXFileReference; lastKnownFileType = text.plist.xml; path = Info.plist; sourceTree = "<group>"; };
/* End PBXFileReference section */

/* Begin PBXFrameworksBuildPhase section */
		72A5E8DC1C747D270052CF1A /* Frameworks */ = {
			isa = PBXFrameworksBuildPhase;
			buildActionMask = 2147483647;
			files = (
			);
			runOnlyForDeploymentPostprocessing = 0;
		};
		72A5E8F01C747D280052CF1A /* Frameworks */ = {
			isa = PBXFrameworksBuildPhase;
			buildActionMask = 2147483647;
			files = (
			);
			runOnlyForDeploymentPostprocessing = 0;
		};
		72A5E8FB1C747D280052CF1A /* Frameworks */ = {
			isa = PBXFrameworksBuildPhase;
			buildActionMask = 2147483647;
			files = (
			);
			runOnlyForDeploymentPostprocessing = 0;
		};
/* End PBXFrameworksBuildPhase section */

/* Begin PBXGroup section */
		72A5E8D61C747D270052CF1A = {
			isa = PBXGroup;
			children = (
				72A5E8E11C747D270052CF1A /* Saktest */,
				72A5E8F61C747D280052CF1A /* SaktestTests */,
				72A5E9011C747D280052CF1A /* SaktestUITests */,
				72A5E8E01C747D270052CF1A /* Products */,
			);
			sourceTree = "<group>";
		};
		72A5E8E01C747D270052CF1A /* Products */ = {
			isa = PBXGroup;
			children = (
				72A5E8DF1C747D270052CF1A /* Saktest.app */,
				72A5E8F31C747D280052CF1A /* SaktestTests.xctest */,
				72A5E8FE1C747D280052CF1A /* SaktestUITests.xctest */,
			);
			name = Products;
			sourceTree = "<group>";
		};
		72A5E8E11C747D270052CF1A /* Saktest */ = {
			isa = PBXGroup;
			children = (
				72A5E8E21C747D270052CF1A /* AppDelegate.swift */,
				72A5E8E41C747D270052CF1A /* ViewController.swift */,
				72A5E8E61C747D270052CF1A /* Main.storyboard */,
				72A5E8E91C747D270052CF1A /* Assets.xcassets */,
				72A5E8EB1C747D270052CF1A /* LaunchScreen.storyboard */,
				72A5E8EE1C747D270052CF1A /* Info.plist */,
			);
			path = Saktest;
			sourceTree = "<group>";
		};
		72A5E8F61C747D280052CF1A /* SaktestTests */ = {
			isa = PBXGroup;
			children = (
				72A5E8F71C747D280052CF1A /* SaktestTests.swift */,
				72A5E8F91C747D280052CF1A /* Info.plist */,
			);
			path = SaktestTests;
			sourceTree = "<group>";
		};
		72A5E9011C747D280052CF1A /* SaktestUITests */ = {
			isa = PBXGroup;
			children = (
				72A5E9021C747D280052CF1A /* SaktestUITests.swift */,
				72A5E9041C747D280052CF1A /* Info.plist */,
			);
			path = SaktestUITests;
			sourceTree = "<group>";
		};
/* End PBXGroup section */

/* Begin PBXNativeTarget section */
		72A5E8DE1C747D270052CF1A /* Saktest */ = {
			isa = PBXNativeTarget;
			buildConfigurationList = 72A5E9071C747D280052CF1A /* Build configuration list for PBXNativeTarget "Saktest" */;
			buildPhases = (
				72A5E8DB1C747D270052CF1A /* Sources */,
				72A5E8DC1C747D270052CF1A /* Frameworks */,
				72A5E8DD1C747D270052CF1A /* Resources */,
			);
			buildRules = (
			);
			dependencies = (
			);
			name = Saktest;
			productName = Saktest;
			productReference = 72A5E8DF1C747D270052CF1A /* Saktest.app */;
			productType = "com.apple.product-type.application";
		};
		72A5E8F21C747D280052CF1A /* SaktestTests */ = {
			isa = PBXNativeTarget;
			buildConfigurationList = 72A5E90A1C747D280052CF1A /* Build configuration list for PBXNativeTarget "SaktestTests" */;
			buildPhases = (
				72A5E8EF1C747D280052CF1A /* Sources */,
				72A5E8F01C747D280052CF1A /* Frameworks */,
				72A5E8F11C747D280052CF1A /* Resources */,
			);
			buildRules = (
			);
			dependencies = (
				72A5E8F51C747D280052CF1A /* PBXTargetDependency */,
			);
			name = SaktestTests;
			productName = SaktestTests;
			productReference = 72A5E8F31C747D280052CF1A /* SaktestTests.xctest */;
			productType = "com.apple.product-type.bundle.unit-test";
		};
		72A5E8FD1C747D280052CF1A /* SaktestUITests */ = {
			isa = PBXNativeTarget;
			buildConfigurationList = 72A5E90D1C747D280052CF1A /* Build configuration list for PBXNativeTarget "SaktestUITests" */;
			buildPhases = (
				72A5E8FA1C747D280052CF1A /* Sources */,
				72A5E8FB1C747D280052CF1A /* Frameworks */,
				72A5E8FC1C747D280052CF1A /* Resources */,
			);
			buildRules = (
			);
			dependencies = (
				72A5E9001C747D280052CF1A /* PBXTargetDependency */,
			);
			name = SaktestUITests;
			productName = SaktestUITests;
			productReference = 72A5E8FE1C747D280052CF1A /* SaktestUITests.xctest */;
			productType = "com.apple.product-type.bundle.ui-testing";
		};
/* End PBXNativeTarget section */

/* Begin PBXProject section */
		72A5E8D71C747D270052CF1A /* Project object */ = {
			isa = PBXProject;
			attributes = {
				LastSwiftUpdateCheck = 0720;
				LastUpgradeCheck = 0720;
				ORGANIZATIONNAME = "Lorenzo Piccoli";
				TargetAttributes = {
					72A5E8DE1C747D270052CF1A = {
						CreatedOnToolsVersion = 7.2.1;
					};
					72A5E8F21C747D280052CF1A = {
						CreatedOnToolsVersion = 7.2.1;
						TestTargetID = 72A5E8DE1C747D270052CF1A;
					};
					72A5E8FD1C747D280052CF1A = {
						CreatedOnToolsVersion = 7.2.1;
						TestTargetID = 72A5E8DE1C747D270052CF1A;
					};
				};
			};
			buildConfigurationList = 72A5E8DA1C747D270052CF1A /* Build configuration list for PBXProject "Saktest" */;
			compatibilityVersion = "Xcode 3.2";
			developmentRegion = English;
			hasScannedForEncodings = 0;
			knownRegions = (
				en,
				Base,
			);
			mainGroup = 72A5E8D61C747D270052CF1A;
			productRefGroup = 72A5E8E01C747D270052CF1A /* Products */;
			projectDirPath = "";
			projectRoot = "";
			targets = (
				72A5E8DE1C747D270052CF1A /* Saktest */,
				72A5E8F21C747D280052CF1A /* SaktestTests */,
				72A5E8FD1C747D280052CF1A /* SaktestUITests */,
			);
		};
/* End PBXProject section */

/* Begin PBXResourcesBuildPhase section */
		72A5E8DD1C747D270052CF1A /* Resources */ = {
			isa = PBXResourcesBuildPhase;
			buildActionMask = 2147483647;
			files = (
				72A5E8ED1C747D270052CF1A /* LaunchScreen.storyboard in Resources */,
				72A5E8EA1C747D270052CF1A /* Assets.xcassets in Resources */,
				72A5E8E81C747D270052CF1A /* Main.storyboard in Resources */,
			);
			runOnlyForDeploymentPostprocessing = 0;
		};
		72A5E8F11C747D280052CF1A /* Resources */ = {
			isa = PBXResourcesBuildPhase;
			buildActionMask = 2147483647;
			files = (
			);
			runOnlyForDeploymentPostprocessing = 0;
		};
		72A5E8FC1C747D280052CF1A /* Resources */ = {
			isa = PBXResourcesBuildPhase;
			buildActionMask = 2147483647;
			files = (
			);
			runOnlyForDeploymentPostprocessing = 0;
		};
/* End PBXResourcesBuildPhase section */

/* Begin PBXSourcesBuildPhase section */
		72A5E8DB1C747D270052CF1A /* Sources */ = {
			isa = PBXSourcesBuildPhase;
			buildActionMask = 2147483647;
			files = (
				72A5E8E51C747D270052CF1A /* ViewController.swift in Sources */,
				72A5E8E31C747D270052CF1A /* AppDelegate.swift in Sources */,
			);
			runOnlyForDeploymentPostprocessing = 0;
		};
		72A5E8EF1C747D280052CF1A /* Sources */ = {
			isa = PBXSourcesBuildPhase;
			buildActionMask = 2147483647;
			files = (
				72A5E8F81C747D280052CF1A /* SaktestTests.swift in Sources */,
			);
			runOnlyForDeploymentPostprocessing = 0;
		};
		72A5E8FA1C747D280052CF1A /* Sources */ = {
			isa = PBXSourcesBuildPhase;
			buildActionMask = 2147483647;
			files = (
				72A5E9031C747D280052CF1A /* SaktestUITests.swift in Sources */,
			);
			runOnlyForDeploymentPostprocessing = 0;
		};
/* End PBXSourcesBuildPhase section */

/* Begin PBXTargetDependency section */
		72A5E8F51C747D280052CF1A /* PBXTargetDependency */ = {
			isa = PBXTargetDependency;
			target = 72A5E8DE1C747D270052CF1A /* Saktest */;
			targetProxy = 72A5E8F41C747D280052CF1A /* PBXContainerItemProxy */;
		};
		72A5E9001C747D280052CF1A /* PBXTargetDependency */ = {
			isa = PBXTargetDependency;
			target = 72A5E8DE1C747D270052CF1A /* Saktest */;
			targetProxy = 72A5E8FF1C747D280052CF1A /* PBXContainerItemProxy */;
		};
/* End PBXTargetDependency section */

/* Begin PBXVariantGroup section */
		72A5E8E61C747D270052CF1A /* Main.storyboard */ = {
			isa = PBXVariantGroup;
			children = (
				72A5E8E71C747D270052CF1A /* Base */,
			);
			name = Main.storyboard;
			sourceTree = "<group>";
		};
		72A5E8EB1C747D270052CF1A /* LaunchScreen.storyboard */ = {
			isa = PBXVariantGroup;
			children = (
				72A5E8EC1C747D270052CF1A /* Base */,
			);
			name = LaunchScreen.storyboard;
			sourceTree = "<group>";
		};
/* End PBXVariantGroup section */

/* Begin XCBuildConfiguration section */
		72A5E9051C747D280052CF1A /* Debug */ = {
			isa = XCBuildConfiguration;
			buildSettings = {
				ALWAYS_SEARCH_USER_PATHS = NO;
				CLANG_CXX_LANGUAGE_STANDARD = "gnu++0x";
				CLANG_CXX_LIBRARY = "libc++";
				CLANG_ENABLE_MODULES = YES;
				CLANG_ENABLE_OBJC_ARC = YES;
				CLANG_WARN_BOOL_CONVERSION = YES;
				CLANG_WARN_CONSTANT_CONVERSION = YES;
				CLANG_WARN_DIRECT_OBJC_ISA_USAGE = YES_ERROR;
				CLANG_WARN_EMPTY_BODY = YES;
				CLANG_WARN_ENUM_CONVERSION = YES;
				CLANG_WARN_INT_CONVERSION = YES;
				CLANG_WARN_OBJC_ROOT_CLASS = YES_ERROR;
				CLANG_WARN_UNREACHABLE_CODE = YES;
				CLANG_WARN__DUPLICATE_METHOD_MATCH = YES;
				"CODE_SIGN_IDENTITY[sdk=iphoneos*]" = "iPhone Developer";
				COPY_PHASE_STRIP = NO;
				DEBUG_INFORMATION_FORMAT = dwarf;
				ENABLE_STRICT_OBJC_MSGSEND = YES;
				ENABLE_TESTABILITY = YES;
				GCC_C_LANGUAGE_STANDARD = gnu99;
				GCC_DYNAMIC_NO_PIC = NO;
				GCC_NO_COMMON_BLOCKS = YES;
				GCC_OPTIMIZATION_LEVEL = 0;
				GCC_PREPROCESSOR_DEFINITIONS = (
					"DEBUG=1",
					"$(inherited)",
				);
				GCC_WARN_64_TO_32_BIT_CONVERSION = YES;
				GCC_WARN_ABOUT_RETURN_TYPE = YES_ERROR;
				GCC_WARN_UNDECLARED_SELECTOR = YES;
				GCC_WARN_UNINITIALIZED_AUTOS = YES_AGGRESSIVE;
				GCC_WARN_UNUSED_FUNCTION = YES;
				GCC_WARN_UNUSED_VARIABLE = YES;
				IPHONEOS_DEPLOYMENT_TARGET = 9.2;
				MTL_ENABLE_DEBUG_INFO = YES;
				ONLY_ACTIVE_ARCH = YES;
				SDKROOT = iphoneos;
				SWIFT_OPTIMIZATION_LEVEL = "-Onone";
			};
			name = Debug;
		};
		72A5E9061C747D280052CF1A /* Release */ = {
			isa = XCBuildConfiguration;
			buildSettings = {
				ALWAYS_SEARCH_USER_PATHS = NO;
				CLANG_CXX_LANGUAGE_STANDARD = "gnu++0x";
				CLANG_CXX_LIBRARY = "libc++";
				CLANG_ENABLE_MODULES = YES;
				CLANG_ENABLE_OBJC_ARC = YES;
				CLANG_WARN_BOOL_CONVERSION = YES;
				CLANG_WARN_CONSTANT_CONVERSION = YES;
				CLANG_WARN_DIRECT_OBJC_ISA_USAGE = YES_ERROR;
				CLANG_WARN_EMPTY_BODY = YES;
				CLANG_WARN_ENUM_CONVERSION = YES;
				CLANG_WARN_INT_CONVERSION = YES;
				CLANG_WARN_OBJC_ROOT_CLASS = YES_ERROR;
				CLANG_WARN_UNREACHABLE_CODE = YES;
				CLANG_WARN__DUPLICATE_METHOD_MATCH = YES;
				"CODE_SIGN_IDENTITY[sdk=iphoneos*]" = "iPhone Developer";
				COPY_PHASE_STRIP = NO;
				DEBUG_INFORMATION_FORMAT = "dwarf-with-dsym";
				ENABLE_NS_ASSERTIONS = NO;
				ENABLE_STRICT_OBJC_MSGSEND = YES;
				GCC_C_LANGUAGE_STANDARD = gnu99;
				GCC_NO_COMMON_BLOCKS = YES;
				GCC_WARN_64_TO_32_BIT_CONVERSION = YES;
				GCC_WARN_ABOUT_RETURN_TYPE = YES_ERROR;
				GCC_WARN_UNDECLARED_SELECTOR = YES;
				GCC_WARN_UNINITIALIZED_AUTOS = YES_AGGRESSIVE;
				GCC_WARN_UNUSED_FUNCTION = YES;
				GCC_WARN_UNUSED_VARIABLE = YES;
				IPHONEOS_DEPLOYMENT_TARGET = 9.2;
				MTL_ENABLE_DEBUG_INFO = NO;
				SDKROOT = iphoneos;
				VALIDATE_PRODUCT = YES;
			};
			name = Release;
		};
		72A5E9081C747D280052CF1A /* Debug */ = {
			isa = XCBuildConfiguration;
			buildSettings = {
				ASSETCATALOG_COMPILER_APPICON_NAME = AppIcon;
				INFOPLIST_FILE = Saktest/Info.plist;
				LD_RUNPATH_SEARCH_PATHS = "$(inherited) @executable_path/Frameworks";
				PRODUCT_BUNDLE_IDENTIFIER = com.lorenzo.Saktest;
				PRODUCT_NAME = "$(TARGET_NAME)";
			};
			name = Debug;
		};
		72A5E9091C747D280052CF1A /* Release */ = {
			isa = XCBuildConfiguration;
			buildSettings = {
				ASSETCATALOG_COMPILER_APPICON_NAME = AppIcon;
				INFOPLIST_FILE = Saktest/Info.plist;
				LD_RUNPATH_SEARCH_PATHS = "$(inherited) @executable_path/Frameworks";
				PRODUCT_BUNDLE_IDENTIFIER = com.lorenzo.Saktest;
				PRODUCT_NAME = "$(TARGET_NAME)";
			};
			name = Release;
		};
		72A5E90B1C747D280052CF1A /* Debug */ = {
			isa = XCBuildConfiguration;
			buildSettings = {
				BUNDLE_LOADER = "$(TEST_HOST)";
				INFOPLIST_FILE = SaktestTests/Info.plist;
				LD_RUNPATH_SEARCH_PATHS = "$(inherited) @executable_path/Frameworks @loader_path/Frameworks";
				PRODUCT_BUNDLE_IDENTIFIER = com.lorenzo.SaktestTests;
				PRODUCT_NAME = "$(TARGET_NAME)";
				TEST_HOST = "$(BUILT_PRODUCTS_DIR)/Saktest.app/Saktest";
			};
			name = Debug;
		};
		72A5E90C1C747D280052CF1A /* Release */ = {
			isa = XCBuildConfiguration;
			buildSettings = {
				BUNDLE_LOADER = "$(TEST_HOST)";
				INFOPLIST_FILE = SaktestTests/Info.plist;
				LD_RUNPATH_SEARCH_PATHS = "$(inherited) @executable_path/Frameworks @loader_path/Frameworks";
				PRODUCT_BUNDLE_IDENTIFIER = com.lorenzo.SaktestTests;
				PRODUCT_NAME = "$(TARGET_NAME)";
				TEST_HOST = "$(BUILT_PRODUCTS_DIR)/Saktest.app/Saktest";
			};
			name = Release;
		};
		72A5E90E1C747D280052CF1A /* Debug */ = {
			isa = XCBuildConfiguration;
			buildSettings = {
				INFOPLIST_FILE = SaktestUITests/Info.plist;
				LD_RUNPATH_SEARCH_PATHS = "$(inherited) @executable_path/Frameworks @loader_path/Frameworks";
				PRODUCT_BUNDLE_IDENTIFIER = com.lorenzo.SaktestUITests;
				PRODUCT_NAME = "$(TARGET_NAME)";
				TEST_TARGET_NAME = Saktest;
				USES_XCTRUNNER = YES;
			};
			name = Debug;
		};
		72A5E90F1C747D280052CF1A /* Release */ = {
			isa = XCBuildConfiguration;
			buildSettings = {
				INFOPLIST_FILE = SaktestUITests/Info.plist;
				LD_RUNPATH_SEARCH_PATHS = "$(inherited) @executable_path/Frameworks @loader_path/Frameworks";
				PRODUCT_BUNDLE_IDENTIFIER = com.lorenzo.SaktestUITests;
				PRODUCT_NAME = "$(TARGET_NAME)";
				TEST_TARGET_NAME = Saktest;
				USES_XCTRUNNER = YES;
			};
			name = Release;
		};
/* End XCBuildConfiguration section */

/* Begin XCConfigurationList section */
		72A5E8DA1C747D270052CF1A /* Build configuration list for PBXProject "Saktest" */ = {
			isa = XCConfigurationList;
			buildConfigurations = (
				72A5E9051C747D280052CF1A /* Debug */,
				72A5E9061C747D280052CF1A /* Release */,
			);
			defaultConfigurationIsVisible = 0;
			defaultConfigurationName = Release;
		};
		72A5E9071C747D280052CF1A /* Build configuration list for PBXNativeTarget "Saktest" */ = {
			isa = XCConfigurationList;
			buildConfigurations = (
				72A5E9081C747D280052CF1A /* Debug */,
				72A5E9091C747D280052CF1A /* Release */,
			);
			defaultConfigurationIsVisible = 0;
		};
		72A5E90A1C747D280052CF1A /* Build configuration list for PBXNativeTarget "SaktestTests" */ = {
			isa = XCConfigurationList;
			buildConfigurations = (
				72A5E90B1C747D280052CF1A /* Debug */,
				72A5E90C1C747D280052CF1A /* Release */,
			);
			defaultConfigurationIsVisible = 0;
		};
		72A5E90D1C747D280052CF1A /* Build configuration list for PBXNativeTarget "SaktestUITests" */ = {
			isa = XCConfigurationList;
			buildConfigurations = (
				72A5E90E1C747D280052CF1A /* Debug */,
				72A5E90F1C747D280052CF1A /* Release */,
			);
			defaultConfigurationIsVisible = 0;
		};
/* End XCConfigurationList section */
	};
	rootObject = 72A5E8D71C747D270052CF1A /* Project object */;
}
